
Microsoft Visual Studio Solution File, Format Version 12.00
# Visual Studio Version 16
VisualStudioVersion = 16.0.34407.143
MinimumVisualStudioVersion = 10.0.40219.1
Project("{FAE04EC0-301F-11D3-BF4B-00C04F79EFBC}") = "XmlDataExtraction", "XmlDataExtraction\XmlDataExtraction.csproj", "{F192A713-9D79-4DC6-9871-9EFF81B11FE1}"
EndProject
Project("{FAE04EC0-301F-11D3-BF4B-00C04F79EFBC}") = "CleanWordFile", "CleanWordFile\CleanWordFile.csproj", "{EA0FF0AD-898A-4C1B-93BD-97E6FF293582}"
EndProject
Project("{FAE04EC0-301F-11D3-BF4B-00C04F79EFBC}") = "Problems", "Problems\Problems.csproj", "{4D1D0E27-912D-481F-A4A8-FDFE688C8C87}"
EndProject
Global
	GlobalSection(SolutionConfigurationPlatforms) = preSolution
		Debug|Any CPU = Debug|Any CPU
		Release|Any CPU = Release|Any CPU
	EndGlobalSection
	GlobalSection(ProjectConfigurationPlatforms) = postSolution
		{F192A713-9D79-4DC6-9871-9EFF81B11FE1}.Debug|Any CPU.ActiveCfg = Debug|Any CPU
		{F192A713-9D79-4DC6-9871-9EFF81B11FE1}.Debug|Any CPU.Build.0 = Debug|Any CPU
		{F192A713-9D79-4DC6-9871-9EFF81B11FE1}.Release|Any CPU.ActiveCfg = Release|Any CPU
		{F192A713-9D79-4DC6-9871-9EFF81B11FE1}.Release|Any CPU.Build.0 = Release|Any CPU
		{EA0FF0AD-898A-4C1B-93BD-97E6FF293582}.Debug|Any CPU.ActiveCfg = Debug|Any CPU
		{EA0FF0AD-898A-4C1B-93BD-97E6FF293582}.Debug|Any CPU.Build.0 = Debug|Any CPU
		{EA0FF0AD-898A-4C1B-93BD-97E6FF293582}.Release|Any CPU.ActiveCfg = Release|Any CPU
		{EA0FF0AD-898A-4C1B-93BD-97E6FF293582}.Release|Any CPU.Build.0 = Release|Any CPU
		{4D1D0E27-912D-481F-A4A8-FDFE688C8C87}.Debug|Any CPU.ActiveCfg = Debug|Any CPU
		{4D1D0E27-912D-481F-A4A8-FDFE688C8C87}.Debug|Any CPU.Build.0 = Debug|Any CPU
		{4D1D0E27-912D-481F-A4A8-FDFE688C8C87}.Release|Any CPU.ActiveCfg = Release|Any CPU
		{4D1D0E27-912D-481F-A4A8-FDFE688C8C87}.Release|Any CPU.Build.0 = Release|Any CPU
	EndGlobalSection
	GlobalSection(SolutionProperties) = preSolution
		HideSolutionNode = FALSE
	EndGlobalSection
	GlobalSection(ExtensibilityGlobals) = postSolution
		SolutionGuid = {992EC613-5ECF-4776-BDBF-AC914DFF41DC}
	EndGlobalSection
EndGlobal
